
Microsoft Visual Studio Solution File, Format Version 12.00
# Visual Studio Version 17
VisualStudioVersion = 17.14.36310.24 d17.14
MinimumVisualStudioVersion = 10.0.40219.1
Project("{FAE04EC0-301F-11D3-BF4B-00C04F79EFBC}") = "Punto de venta", "Punto de venta.csproj", "{DDA89368-2367-48EC-917F-54E08882E665}"
EndProject
Global
	GlobalSection(SolutionConfigurationPlatforms) = preSolution
		Debug|Any CPU = Debug|Any CPU
		Release|Any CPU = Release|Any CPU
	EndGlobalSection
	GlobalSection(ProjectConfigurationPlatforms) = postSolution
		{DDA89368-2367-48EC-917F-54E08882E665}.Debug|Any CPU.ActiveCfg = Debug|Any CPU
		{DDA89368-2367-48EC-917F-54E08882E665}.Debug|Any CPU.Build.0 = Debug|Any CPU
		{DDA89368-2367-48EC-917F-54E08882E665}.Release|Any CPU.ActiveCfg = Release|Any CPU
		{DDA89368-2367-48EC-917F-54E08882E665}.Release|Any CPU.Build.0 = Release|Any CPU
	EndGlobalSection
	GlobalSection(SolutionProperties) = preSolution
		HideSolutionNode = FALSE
	EndGlobalSection
	GlobalSection(ExtensibilityGlobals) = postSolution
		SolutionGuid = {9DE2E538-A0CF-4736-B025-EFA812D598AA}
	EndGlobalSection
EndGlobal
